# This file is automatically @generated by Cargo.
# It is not intended for manual editing.
version = 4

[[package]]
name = "ascii_renderer"
version = "0.1.0"

[[package]]
name = "cli"
version = "0.1.0"

[[package]]
name = "plant_uml"
version = "0.1.0"

[[package]]
name = "plant_uml_ascii_renderer_cli"
version = "0.1.0"

[[package]]
name = "uml"
version = "0.1.0"
